
Microsoft Visual Studio Solution File, Format Version 12.00
# Visual Studio 15
Project("{FAE04EC0-301F-11D3-BF4B-00C04F79EFBC}") = "TestAppHSP", "TestAppHSP\TestAppHSP.csproj", "{69A595F7-6985-4E04-901B-3BE5BBA29484}"
EndProject
Global
	GlobalSection(SolutionConfigurationPlatforms) = preSolution
		Debug|Any CPU = Debug|Any CPU
		Release|Any CPU = Release|Any CPU
	EndGlobalSection
	GlobalSection(ProjectConfigurationPlatforms) = postSolution
		{69A595F7-6985-4E04-901B-3BE5BBA29484}.Debug|Any CPU.ActiveCfg = Debug|Any CPU
		{69A595F7-6985-4E04-901B-3BE5BBA29484}.Debug|Any CPU.Build.0 = Debug|Any CPU
		{69A595F7-6985-4E04-901B-3BE5BBA29484}.Release|Any CPU.ActiveCfg = Release|Any CPU
		{69A595F7-6985-4E04-901B-3BE5BBA29484}.Release|Any CPU.Build.0 = Release|Any CPU
	EndGlobalSection
EndGlobal
